
Microsoft Visual Studio Solution File, Format Version 12.00
# Visual Studio 15
VisualStudioVersion = 15.0.28010.2026
MinimumVisualStudioVersion = 10.0.40219.1
Project("{9A19103F-16F7-4668-BE54-9A1E7A4F7556}") = "Passenger.Api", "src\Passenger.Api\Passenger.Api.csproj", "{19184845-3D74-4443-8B18-99BDD51B2838}"
EndProject
Project("{9A19103F-16F7-4668-BE54-9A1E7A4F7556}") = "Passenger.Core", "src\Passenger.Core\Passenger.Core.csproj", "{ACBDD64D-7396-4D1A-85FD-A60D597A3DB2}"
EndProject
Project("{9A19103F-16F7-4668-BE54-9A1E7A4F7556}") = "Passenger.Infrastructure", "src\Passenger.Infrastructure\Passenger.Infrastructure.csproj", "{8003CEB1-5A81-450B-BC8C-7634B6DDC7F0}"
EndProject
Project("{9A19103F-16F7-4668-BE54-9A1E7A4F7556}") = "Passenger.Tests", "tests\Passenger.Tests\Passenger.Tests.csproj", "{EAA631AC-8DF9-4399-BB2C-B87CCE49F8AC}"
EndProject
Project("{9A19103F-16F7-4668-BE54-9A1E7A4F7556}") = "Passenger.Tests.EndtoEnd", "tests\Passenger.Tests.EndtoEnd\Passenger.Tests.EndtoEnd.csproj", "{89931465-88F1-4136-99C7-CB97080D29E7}"
EndProject
Project("{2150E333-8FDC-42A3-9474-1A3956D46DE8}") = "tests", "tests", "{2142073A-17FC-4AAE-9781-33980DFE0B5B}"
EndProject
Project("{2150E333-8FDC-42A3-9474-1A3956D46DE8}") = "src", "src", "{8C6356D0-2836-4AE4-B4F9-DDD7F367037B}"
EndProject
Project("{2150E333-8FDC-42A3-9474-1A3956D46DE8}") = "scripts", "scripts", "{29464D17-EEB0-4EB0-8ED8-72F1F9AE069E}"
	ProjectSection(SolutionItems) = preProject
		scripts\database.sql = scripts\database.sql
	EndProjectSection
EndProject
Global
	GlobalSection(SolutionConfigurationPlatforms) = preSolution
		Debug|Any CPU = Debug|Any CPU
		Release|Any CPU = Release|Any CPU
	EndGlobalSection
	GlobalSection(ProjectConfigurationPlatforms) = postSolution
		{19184845-3D74-4443-8B18-99BDD51B2838}.Debug|Any CPU.ActiveCfg = Debug|Any CPU
		{19184845-3D74-4443-8B18-99BDD51B2838}.Debug|Any CPU.Build.0 = Debug|Any CPU
		{19184845-3D74-4443-8B18-99BDD51B2838}.Release|Any CPU.ActiveCfg = Release|Any CPU
		{19184845-3D74-4443-8B18-99BDD51B2838}.Release|Any CPU.Build.0 = Release|Any CPU
		{ACBDD64D-7396-4D1A-85FD-A60D597A3DB2}.Debug|Any CPU.ActiveCfg = Debug|Any CPU
		{ACBDD64D-7396-4D1A-85FD-A60D597A3DB2}.Debug|Any CPU.Build.0 = Debug|Any CPU
		{ACBDD64D-7396-4D1A-85FD-A60D597A3DB2}.Release|Any CPU.ActiveCfg = Release|Any CPU
		{ACBDD64D-7396-4D1A-85FD-A60D597A3DB2}.Release|Any CPU.Build.0 = Release|Any CPU
		{8003CEB1-5A81-450B-BC8C-7634B6DDC7F0}.Debug|Any CPU.ActiveCfg = Debug|Any CPU
		{8003CEB1-5A81-450B-BC8C-7634B6DDC7F0}.Debug|Any CPU.Build.0 = Debug|Any CPU
		{8003CEB1-5A81-450B-BC8C-7634B6DDC7F0}.Release|Any CPU.ActiveCfg = Release|Any CPU
		{8003CEB1-5A81-450B-BC8C-7634B6DDC7F0}.Release|Any CPU.Build.0 = Release|Any CPU
		{EAA631AC-8DF9-4399-BB2C-B87CCE49F8AC}.Debug|Any CPU.ActiveCfg = Debug|Any CPU
		{EAA631AC-8DF9-4399-BB2C-B87CCE49F8AC}.Debug|Any CPU.Build.0 = Debug|Any CPU
		{EAA631AC-8DF9-4399-BB2C-B87CCE49F8AC}.Release|Any CPU.ActiveCfg = Release|Any CPU
		{EAA631AC-8DF9-4399-BB2C-B87CCE49F8AC}.Release|Any CPU.Build.0 = Release|Any CPU
		{89931465-88F1-4136-99C7-CB97080D29E7}.Debug|Any CPU.ActiveCfg = Debug|Any CPU
		{89931465-88F1-4136-99C7-CB97080D29E7}.Debug|Any CPU.Build.0 = Debug|Any CPU
		{89931465-88F1-4136-99C7-CB97080D29E7}.Release|Any CPU.ActiveCfg = Release|Any CPU
		{89931465-88F1-4136-99C7-CB97080D29E7}.Release|Any CPU.Build.0 = Release|Any CPU
	EndGlobalSection
	GlobalSection(SolutionProperties) = preSolution
		HideSolutionNode = FALSE
	EndGlobalSection
	GlobalSection(NestedProjects) = preSolution
		{19184845-3D74-4443-8B18-99BDD51B2838} = {8C6356D0-2836-4AE4-B4F9-DDD7F367037B}
		{ACBDD64D-7396-4D1A-85FD-A60D597A3DB2} = {8C6356D0-2836-4AE4-B4F9-DDD7F367037B}
		{8003CEB1-5A81-450B-BC8C-7634B6DDC7F0} = {8C6356D0-2836-4AE4-B4F9-DDD7F367037B}
		{EAA631AC-8DF9-4399-BB2C-B87CCE49F8AC} = {2142073A-17FC-4AAE-9781-33980DFE0B5B}
		{89931465-88F1-4136-99C7-CB97080D29E7} = {2142073A-17FC-4AAE-9781-33980DFE0B5B}
	EndGlobalSection
	GlobalSection(ExtensibilityGlobals) = postSolution
		SolutionGuid = {D55936AD-9F06-481E-BF28-3873C309425D}
	EndGlobalSection
EndGlobal
